Microsoft Visual Studio Solution File, Format Version 12.00
# Visual Studio 15
VisualStudioVersion = 15.0.26730.12
MinimumVisualStudioVersion = 15.0.26124.0
Project("{2150E333-8FDC-42A3-9474-1A3956D46DE8}") = "src", "src", "{1D7DE946-6ADF-4052-84E5-B82113C8DD2D}"
EndProject
Project("{9A19103F-16F7-4668-BE54-9A1E7A4F7556}") = "Serilog.Settings.Code", "src\Serilog.Settings.Code\Serilog.Settings.Code.csproj", "{92A2FAB4-B00B-4ACB-AC66-9FFFCF8E1F1E}"
EndProject
Project("{2150E333-8FDC-42A3-9474-1A3956D46DE8}") = "test", "test", "{6FC5D059-CE96-4043-B5AE-5B2FB0995515}"
EndProject
Project("{9A19103F-16F7-4668-BE54-9A1E7A4F7556}") = "Serilog.Settings.Code.Tests", "test\Serilog.Settings.Code.Tests\Serilog.Settings.Code.Tests.csproj", "{51227968-58BB-4490-8F0D-78AB9C07AE1A}"
EndProject
Project("{9A19103F-16F7-4668-BE54-9A1E7A4F7556}") = "TestDummies", "test\TestDummies\TestDummies.csproj", "{9F10B7BA-D6A6-4342-A2B2-DB62D69A384A}"
EndProject
Global
	GlobalSection(SolutionConfigurationPlatforms) = preSolution
		Debug|Any CPU = Debug|Any CPU
		Debug|x64 = Debug|x64
		Debug|x86 = Debug|x86
		Release|Any CPU = Release|Any CPU
		Release|x64 = Release|x64
		Release|x86 = Release|x86
	EndGlobalSection
	GlobalSection(ProjectConfigurationPlatforms) = postSolution
		{92A2FAB4-B00B-4ACB-AC66-9FFFCF8E1F1E}.Debug|Any CPU.ActiveCfg = Debug|Any CPU
		{92A2FAB4-B00B-4ACB-AC66-9FFFCF8E1F1E}.Debug|Any CPU.Build.0 = Debug|Any CPU
		{92A2FAB4-B00B-4ACB-AC66-9FFFCF8E1F1E}.Debug|x64.ActiveCfg = Debug|Any CPU
		{92A2FAB4-B00B-4ACB-AC66-9FFFCF8E1F1E}.Debug|x64.Build.0 = Debug|Any CPU
		{92A2FAB4-B00B-4ACB-AC66-9FFFCF8E1F1E}.Debug|x86.ActiveCfg = Debug|Any CPU
		{92A2FAB4-B00B-4ACB-AC66-9FFFCF8E1F1E}.Debug|x86.Build.0 = Debug|Any CPU
		{92A2FAB4-B00B-4ACB-AC66-9FFFCF8E1F1E}.Release|Any CPU.ActiveCfg = Release|Any CPU
		{92A2FAB4-B00B-4ACB-AC66-9FFFCF8E1F1E}.Release|Any CPU.Build.0 = Release|Any CPU
		{92A2FAB4-B00B-4ACB-AC66-9FFFCF8E1F1E}.Release|x64.ActiveCfg = Release|Any CPU
		{92A2FAB4-B00B-4ACB-AC66-9FFFCF8E1F1E}.Release|x64.Build.0 = Release|Any CPU
		{92A2FAB4-B00B-4ACB-AC66-9FFFCF8E1F1E}.Release|x86.ActiveCfg = Release|Any CPU
		{92A2FAB4-B00B-4ACB-AC66-9FFFCF8E1F1E}.Release|x86.Build.0 = Release|Any CPU
		{51227968-58BB-4490-8F0D-78AB9C07AE1A}.Debug|Any CPU.ActiveCfg = Debug|Any CPU
		{51227968-58BB-4490-8F0D-78AB9C07AE1A}.Debug|Any CPU.Build.0 = Debug|Any CPU
		{51227968-58BB-4490-8F0D-78AB9C07AE1A}.Debug|x64.ActiveCfg = Debug|Any CPU
		{51227968-58BB-4490-8F0D-78AB9C07AE1A}.Debug|x64.Build.0 = Debug|Any CPU
		{51227968-58BB-4490-8F0D-78AB9C07AE1A}.Debug|x86.ActiveCfg = Debug|Any CPU
		{51227968-58BB-4490-8F0D-78AB9C07AE1A}.Debug|x86.Build.0 = Debug|Any CPU
		{51227968-58BB-4490-8F0D-78AB9C07AE1A}.Release|Any CPU.ActiveCfg = Release|Any CPU
		{51227968-58BB-4490-8F0D-78AB9C07AE1A}.Release|Any CPU.Build.0 = Release|Any CPU
		{51227968-58BB-4490-8F0D-78AB9C07AE1A}.Release|x64.ActiveCfg = Release|Any CPU
		{51227968-58BB-4490-8F0D-78AB9C07AE1A}.Release|x64.Build.0 = Release|Any CPU
		{51227968-58BB-4490-8F0D-78AB9C07AE1A}.Release|x86.ActiveCfg = Release|Any CPU
		{51227968-58BB-4490-8F0D-78AB9C07AE1A}.Release|x86.Build.0 = Release|Any CPU
		{9F10B7BA-D6A6-4342-A2B2-DB62D69A384A}.Debug|Any CPU.ActiveCfg = Debug|Any CPU
		{9F10B7BA-D6A6-4342-A2B2-DB62D69A384A}.Debug|Any CPU.Build.0 = Debug|Any CPU
		{9F10B7BA-D6A6-4342-A2B2-DB62D69A384A}.Debug|x64.ActiveCfg = Debug|Any CPU
		{9F10B7BA-D6A6-4342-A2B2-DB62D69A384A}.Debug|x64.Build.0 = Debug|Any CPU
		{9F10B7BA-D6A6-4342-A2B2-DB62D69A384A}.Debug|x86.ActiveCfg = Debug|Any CPU
		{9F10B7BA-D6A6-4342-A2B2-DB62D69A384A}.Debug|x86.Build.0 = Debug|Any CPU
		{9F10B7BA-D6A6-4342-A2B2-DB62D69A384A}.Release|Any CPU.ActiveCfg = Release|Any CPU
		{9F10B7BA-D6A6-4342-A2B2-DB62D69A384A}.Release|Any CPU.Build.0 = Release|Any CPU
		{9F10B7BA-D6A6-4342-A2B2-DB62D69A384A}.Release|x64.ActiveCfg = Release|Any CPU
		{9F10B7BA-D6A6-4342-A2B2-DB62D69A384A}.Release|x64.Build.0 = Release|Any CPU
		{9F10B7BA-D6A6-4342-A2B2-DB62D69A384A}.Release|x86.ActiveCfg = Release|Any CPU
		{9F10B7BA-D6A6-4342-A2B2-DB62D69A384A}.Release|x86.Build.0 = Release|Any CPU
	EndGlobalSection
	GlobalSection(SolutionProperties) = preSolution
		HideSolutionNode = FALSE
	EndGlobalSection
	GlobalSection(NestedProjects) = preSolution
		{92A2FAB4-B00B-4ACB-AC66-9FFFCF8E1F1E} = {1D7DE946-6ADF-4052-84E5-B82113C8DD2D}
		{51227968-58BB-4490-8F0D-78AB9C07AE1A} = {6FC5D059-CE96-4043-B5AE-5B2FB0995515}
		{9F10B7BA-D6A6-4342-A2B2-DB62D69A384A} = {6FC5D059-CE96-4043-B5AE-5B2FB0995515}
	EndGlobalSection
	GlobalSection(ExtensibilityGlobals) = postSolution
		SolutionGuid = {03D407AA-1347-4480-BEB8-570AE9294DD4}
	EndGlobalSection
EndGlobal
